
Microsoft Visual Studio Solution File, Format Version 10.00
# Visual Studio 2008
Project("{8BC9CEB8-8B4A-11D0-8D11-00A0C91BC942}") = "FaceRecognition", "FaceRecognition\FaceRecognition.vcproj", "{7BE9CB74-2FF5-42F6-9B37-E306848A3EB1}"
EndProject
Global
	GlobalSection(SolutionConfigurationPlatforms) = preSolution
		Debug|Win32 = Debug|Win32
		Release|Win32 = Release|Win32
	EndGlobalSection
	GlobalSection(ProjectConfigurationPlatforms) = postSolution
		{7BE9CB74-2FF5-42F6-9B37-E306848A3EB1}.Debug|Win32.ActiveCfg = Debug|Win32
		{7BE9CB74-2FF5-42F6-9B37-E306848A3EB1}.Debug|Win32.Build.0 = Debug|Win32
		{7BE9CB74-2FF5-42F6-9B37-E306848A3EB1}.Release|Win32.ActiveCfg = Release|Win32
		{7BE9CB74-2FF5-42F6-9B37-E306848A3EB1}.Release|Win32.Build.0 = Release|Win32
	EndGlobalSection
	GlobalSection(SolutionProperties) = preSolution
		HideSolutionNode = FALSE
	EndGlobalSection
EndGlobal
